// !$*UTF8*$!
{
	archiveVersion = 1;
	classes = {
	};
	objectVersion = 46;
	objects = {

/* Begin PBXBuildFile section */
		8F2A0C961E4277C6009FFD0D /* VMMRecognizer.mm in Sources */ = {isa = PBXBuildFile; fileRef = 8F2A0C951E4277C6009FFD0D /* VMMRecognizer.mm */; };
		8F2A0C9A1E427977009FFD0D /* NumberPlateExtractor.mm in Sources */ = {isa = PBXBuildFile; fileRef = 8F2A0C991E427977009FFD0D /* NumberPlateExtractor.mm */; };
		8F42E5E91E44D2BE00A4B98C /* NumberPlateExtractorProxy.mm in Sources */ = {isa = PBXBuildFile; fileRef = 8F42E5E81E44D2BE00A4B98C /* NumberPlateExtractorProxy.mm */; };
		8F42E5EC1E45072000A4B98C /* RoIExtractor.mm in Sources */ = {isa = PBXBuildFile; fileRef = 8F42E5EB1E45072000A4B98C /* RoIExtractor.mm */; };
		8F42E5EF1E451E6B00A4B98C /* FeatureExtractor.mm in Sources */ = {isa = PBXBuildFile; fileRef = 8F42E5EE1E451E6B00A4B98C /* FeatureExtractor.mm */; };
		8F5B0C6C1E420D8B0067073A /* AppDelegate.swift in Sources */ = {isa = PBXBuildFile; fileRef = 8F5B0C6B1E420D8B0067073A /* AppDelegate.swift */; };
		8F5B0C6E1E420D8B0067073A /* ViewController.swift in Sources */ = {isa = PBXBuildFile; fileRef = 8F5B0C6D1E420D8B0067073A /* ViewController.swift */; };
		8F5B0C711E420D8B0067073A /* Main.storyboard in Resources */ = {isa = PBXBuildFile; fileRef = 8F5B0C6F1E420D8B0067073A /* Main.storyboard */; };
		8F5B0C731E420D8B0067073A /* Assets.xcassets in Resources */ = {isa = PBXBuildFile; fileRef = 8F5B0C721E420D8B0067073A /* Assets.xcassets */; };
		8F5B0C761E420D8B0067073A /* LaunchScreen.storyboard in Resources */ = {isa = PBXBuildFile; fileRef = 8F5B0C741E420D8B0067073A /* LaunchScreen.storyboard */; };
		8F5B0C7E1E420DBE0067073A /* opencv2.framework in Frameworks */ = {isa = PBXBuildFile; fileRef = 8F5B0C7D1E420DBE0067073A /* opencv2.framework */; };
		8F5B0C821E420DE40067073A /* OpenCVWrapper.mm in Sources */ = {isa = PBXBuildFile; fileRef = 8F5B0C811E420DE40067073A /* OpenCVWrapper.mm */; };
		8F5B0C861E421C760067073A /* .gitignore in Resources */ = {isa = PBXBuildFile; fileRef = 8F5B0C851E421C760067073A /* .gitignore */; };
		8F5B0C891E421F6D0067073A /* OpenCVCameraViewController.mm in Sources */ = {isa = PBXBuildFile; fileRef = 8F5B0C881E421F6D0067073A /* OpenCVCameraViewController.mm */; };
		8F5B0C921E422C3E0067073A /* Accelerate.framework in Frameworks */ = {isa = PBXBuildFile; fileRef = 8F5B0C8B1E422C3E0067073A /* Accelerate.framework */; };
		8F5B0C931E422C3E0067073A /* AssetsLibrary.framework in Frameworks */ = {isa = PBXBuildFile; fileRef = 8F5B0C8C1E422C3E0067073A /* AssetsLibrary.framework */; };
		8F5B0C941E422C3E0067073A /* AVFoundation.framework in Frameworks */ = {isa = PBXBuildFile; fileRef = 8F5B0C8D1E422C3E0067073A /* AVFoundation.framework */; };
		8F5B0C951E422C3E0067073A /* CoreImage.framework in Frameworks */ = {isa = PBXBuildFile; fileRef = 8F5B0C8E1E422C3E0067073A /* CoreImage.framework */; };
		8F5B0C961E422C3E0067073A /* CoreMedia.framework in Frameworks */ = {isa = PBXBuildFile; fileRef = 8F5B0C8F1E422C3E0067073A /* CoreMedia.framework */; };
		8F5B0C971E422C3E0067073A /* CoreVideo.framework in Frameworks */ = {isa = PBXBuildFile; fileRef = 8F5B0C901E422C3E0067073A /* CoreVideo.framework */; };
		8F5B0C981E422C3E0067073A /* QuartzCore.framework in Frameworks */ = {isa = PBXBuildFile; fileRef = 8F5B0C911E422C3E0067073A /* QuartzCore.framework */; };
/* End PBXBuildFile section */

/* Begin PBXFileReference section */
		8F2A0C941E4277C6009FFD0D /* VMMRecognizer.h */ = {isa = PBXFileReference; fileEncoding = 4; lastKnownFileType = sourcecode.c.h; path = VMMRecognizer.h; sourceTree = "<group>"; };
		8F2A0C951E4277C6009FFD0D /* VMMRecognizer.mm */ = {isa = PBXFileReference; fileEncoding = 4; lastKnownFileType = sourcecode.cpp.objcpp; path = VMMRecognizer.mm; sourceTree = "<group>"; };
		8F2A0C981E427977009FFD0D /* NumberPlateExtractor.h */ = {isa = PBXFileReference; fileEncoding = 4; lastKnownFileType = sourcecode.c.h; path = NumberPlateExtractor.h; sourceTree = "<group>"; };
		8F2A0C991E427977009FFD0D /* NumberPlateExtractor.mm */ = {isa = PBXFileReference; fileEncoding = 4; lastKnownFileType = sourcecode.cpp.objcpp; path = NumberPlateExtractor.mm; sourceTree = "<group>"; };
		8F2A0C9B1E427CCA009FFD0D /* Const.h */ = {isa = PBXFileReference; lastKnownFileType = sourcecode.c.h; path = Const.h; sourceTree = "<group>"; };
		8F42E5E71E44D2BE00A4B98C /* NumberPlateExtractorProxy.h */ = {isa = PBXFileReference; fileEncoding = 4; lastKnownFileType = sourcecode.c.h; path = NumberPlateExtractorProxy.h; sourceTree = "<group>"; };
		8F42E5E81E44D2BE00A4B98C /* NumberPlateExtractorProxy.mm */ = {isa = PBXFileReference; fileEncoding = 4; lastKnownFileType = sourcecode.cpp.objcpp; path = NumberPlateExtractorProxy.mm; sourceTree = "<group>"; };
		8F42E5EA1E45072000A4B98C /* RoIExtractor.h */ = {isa = PBXFileReference; fileEncoding = 4; lastKnownFileType = sourcecode.c.h; path = RoIExtractor.h; sourceTree = "<group>"; };
		8F42E5EB1E45072000A4B98C /* RoIExtractor.mm */ = {isa = PBXFileReference; fileEncoding = 4; lastKnownFileType = sourcecode.cpp.objcpp; path = RoIExtractor.mm; sourceTree = "<group>"; };
		8F42E5ED1E451E6B00A4B98C /* FeatureExtractor.h */ = {isa = PBXFileReference; fileEncoding = 4; lastKnownFileType = sourcecode.c.h; path = FeatureExtractor.h; sourceTree = "<group>"; };
		8F42E5EE1E451E6B00A4B98C /* FeatureExtractor.mm */ = {isa = PBXFileReference; fileEncoding = 4; lastKnownFileType = sourcecode.cpp.objcpp; path = FeatureExtractor.mm; sourceTree = "<group>"; };
		8F5B0C681E420D8B0067073A /* RacecARGO.app */ = {isa = PBXFileReference; explicitFileType = wrapper.application; includeInIndex = 0; path = RacecARGO.app; sourceTree = BUILT_PRODUCTS_DIR; };
		8F5B0C6B1E420D8B0067073A /* AppDelegate.swift */ = {isa = PBXFileReference; lastKnownFileType = sourcecode.swift; path = AppDelegate.swift; sourceTree = "<group>"; };
		8F5B0C6D1E420D8B0067073A /* ViewController.swift */ = {isa = PBXFileReference; lastKnownFileType = sourcecode.swift; path = ViewController.swift; sourceTree = "<group>"; };
		8F5B0C701E420D8B0067073A /* Base */ = {isa = PBXFileReference; lastKnownFileType = file.storyboard; name = Base; path = Base.lproj/Main.storyboard; sourceTree = "<group>"; };
		8F5B0C721E420D8B0067073A /* Assets.xcassets */ = {isa = PBXFileReference; lastKnownFileType = folder.assetcatalog; path = Assets.xcassets; sourceTree = "<group>"; };
		8F5B0C751E420D8B0067073A /* Base */ = {isa = PBXFileReference; lastKnownFileType = file.storyboard; name = Base; path = Base.lproj/LaunchScreen.storyboard; sourceTree = "<group>"; };
		8F5B0C771E420D8B0067073A /* Info.plist */ = {isa = PBXFileReference; lastKnownFileType = text.plist.xml; path = Info.plist; sourceTree = "<group>"; };
		8F5B0C7D1E420DBE0067073A /* opencv2.framework */ = {isa = PBXFileReference; lastKnownFileType = wrapper.framework; name = opencv2.framework; path = RacecARGO/opencv2.framework; sourceTree = "<group>"; };
		8F5B0C7F1E420DE40067073A /* RacecARGO-Bridging-Header.h */ = {isa = PBXFileReference; lastKnownFileType = sourcecode.c.h; path = "RacecARGO-Bridging-Header.h"; sourceTree = "<group>"; };
		8F5B0C801E420DE40067073A /* OpenCVWrapper.h */ = {isa = PBXFileReference; fileEncoding = 4; lastKnownFileType = sourcecode.c.h; path = OpenCVWrapper.h; sourceTree = "<group>"; };
		8F5B0C811E420DE40067073A /* OpenCVWrapper.mm */ = {isa = PBXFileReference; fileEncoding = 4; lastKnownFileType = sourcecode.cpp.objcpp; path = OpenCVWrapper.mm; sourceTree = "<group>"; };
		8F5B0C851E421C760067073A /* .gitignore */ = {isa = PBXFileReference; fileEncoding = 4; lastKnownFileType = text; path = .gitignore; sourceTree = "<group>"; };
		8F5B0C871E421F6D0067073A /* OpenCVCameraViewController.h */ = {isa = PBXFileReference; fileEncoding = 4; lastKnownFileType = sourcecode.c.h; path = OpenCVCameraViewController.h; sourceTree = "<group>"; };
		8F5B0C881E421F6D0067073A /* OpenCVCameraViewController.mm */ = {isa = PBXFileReference; fileEncoding = 4; lastKnownFileType = sourcecode.cpp.objcpp; path = OpenCVCameraViewController.mm; sourceTree = "<group>"; };
		8F5B0C8B1E422C3E0067073A /* Accelerate.framework */ = {isa = PBXFileReference; lastKnownFileType = wrapper.framework; name = Accelerate.framework; path = System/Library/Frameworks/Accelerate.framework; sourceTree = SDKROOT; };
		8F5B0C8C1E422C3E0067073A /* AssetsLibrary.framework */ = {isa = PBXFileReference; lastKnownFileType = wrapper.framework; name = AssetsLibrary.framework; path = System/Library/Frameworks/AssetsLibrary.framework; sourceTree = SDKROOT; };
		8F5B0C8D1E422C3E0067073A /* AVFoundation.framework */ = {isa = PBXFileReference; lastKnownFileType = wrapper.framework; name = AVFoundation.framework; path = System/Library/Frameworks/AVFoundation.framework; sourceTree = SDKROOT; };
		8F5B0C8E1E422C3E0067073A /* CoreImage.framework */ = {isa = PBXFileReference; lastKnownFileType = wrapper.framework; name = CoreImage.framework; path = System/Library/Frameworks/CoreImage.framework; sourceTree = SDKROOT; };
		8F5B0C8F1E422C3E0067073A /* CoreMedia.framework */ = {isa = PBXFileReference; lastKnownFileType = wrapper.framework; name = CoreMedia.framework; path = System/Library/Frameworks/CoreMedia.framework; sourceTree = SDKROOT; };
		8F5B0C901E422C3E0067073A /* CoreVideo.framework */ = {isa = PBXFileReference; lastKnownFileType = wrapper.framework; name = CoreVideo.framework; path = System/Library/Frameworks/CoreVideo.framework; sourceTree = SDKROOT; };
		8F5B0C911E422C3E0067073A /* QuartzCore.framework */ = {isa = PBXFileReference; lastKnownFileType = wrapper.framework; name = QuartzCore.framework; path = System/Library/Frameworks/QuartzCore.framework; sourceTree = SDKROOT; };
/* End PBXFileReference section */

/* Begin PBXFrameworksBuildPhase section */
		8F5B0C651E420D8B0067073A /* Frameworks */ = {
			isa = PBXFrameworksBuildPhase;
			buildActionMask = 2147483647;
			files = (
				8F5B0C921E422C3E0067073A /* Accelerate.framework in Frameworks */,
				8F5B0C931E422C3E0067073A /* AssetsLibrary.framework in Frameworks */,
				8F5B0C941E422C3E0067073A /* AVFoundation.framework in Frameworks */,
				8F5B0C951E422C3E0067073A /* CoreImage.framework in Frameworks */,
				8F5B0C961E422C3E0067073A /* CoreMedia.framework in Frameworks */,
				8F5B0C971E422C3E0067073A /* CoreVideo.framework in Frameworks */,
				8F5B0C981E422C3E0067073A /* QuartzCore.framework in Frameworks */,
				8F5B0C7E1E420DBE0067073A /* opencv2.framework in Frameworks */,
			);
			runOnlyForDeploymentPostprocessing = 0;
		};
/* End PBXFrameworksBuildPhase section */

/* Begin PBXGroup section */
		8F2A0C971E427949009FFD0D /* VMMR */ = {
			isa = PBXGroup;
			children = (
				8F2A0C941E4277C6009FFD0D /* VMMRecognizer.h */,
				8F2A0C951E4277C6009FFD0D /* VMMRecognizer.mm */,
				8F2A0C981E427977009FFD0D /* NumberPlateExtractor.h */,
				8F2A0C991E427977009FFD0D /* NumberPlateExtractor.mm */,
				8F42E5E71E44D2BE00A4B98C /* NumberPlateExtractorProxy.h */,
				8F42E5E81E44D2BE00A4B98C /* NumberPlateExtractorProxy.mm */,
				8F42E5EA1E45072000A4B98C /* RoIExtractor.h */,
				8F42E5EB1E45072000A4B98C /* RoIExtractor.mm */,
				8F42E5ED1E451E6B00A4B98C /* FeatureExtractor.h */,
				8F42E5EE1E451E6B00A4B98C /* FeatureExtractor.mm */,
			);
			name = VMMR;
			sourceTree = "<group>";
		};
		8F5B0C5F1E420D8B0067073A = {
			isa = PBXGroup;
			children = (
				8F5B0C851E421C760067073A /* .gitignore */,
				8F5B0C801E420DE40067073A /* OpenCVWrapper.h */,
				8F5B0C811E420DE40067073A /* OpenCVWrapper.mm */,
				8F5B0C6A1E420D8B0067073A /* RacecARGO */,
				8F5B0C691E420D8B0067073A /* Products */,
				8F5B0C7F1E420DE40067073A /* RacecARGO-Bridging-Header.h */,
				8F5B0C8A1E422C3E0067073A /* Frameworks */,
			);
			sourceTree = "<group>";
		};
		8F5B0C691E420D8B0067073A /* Products */ = {
			isa = PBXGroup;
			children = (
				8F5B0C681E420D8B0067073A /* RacecARGO.app */,
			);
			name = Products;
			sourceTree = "<group>";
		};
		8F5B0C6A1E420D8B0067073A /* RacecARGO */ = {
			isa = PBXGroup;
			children = (
				8F2A0C971E427949009FFD0D /* VMMR */,
				8F5B0C6B1E420D8B0067073A /* AppDelegate.swift */,
				8F5B0C6D1E420D8B0067073A /* ViewController.swift */,
				8F5B0C6F1E420D8B0067073A /* Main.storyboard */,
				8F5B0C721E420D8B0067073A /* Assets.xcassets */,
				8F5B0C741E420D8B0067073A /* LaunchScreen.storyboard */,
				8F5B0C771E420D8B0067073A /* Info.plist */,
				8F5B0C871E421F6D0067073A /* OpenCVCameraViewController.h */,
				8F5B0C881E421F6D0067073A /* OpenCVCameraViewController.mm */,
				8F2A0C9B1E427CCA009FFD0D /* Const.h */,
			);
			path = RacecARGO;
			sourceTree = "<group>";
		};
		8F5B0C8A1E422C3E0067073A /* Frameworks */ = {
			isa = PBXGroup;
			children = (
				8F5B0C7D1E420DBE0067073A /* opencv2.framework */,
				8F5B0C8B1E422C3E0067073A /* Accelerate.framework */,
				8F5B0C8C1E422C3E0067073A /* AssetsLibrary.framework */,
				8F5B0C8D1E422C3E0067073A /* AVFoundation.framework */,
				8F5B0C8E1E422C3E0067073A /* CoreImage.framework */,
				8F5B0C8F1E422C3E0067073A /* CoreMedia.framework */,
				8F5B0C901E422C3E0067073A /* CoreVideo.framework */,
				8F5B0C911E422C3E0067073A /* QuartzCore.framework */,
			);
			name = Frameworks;
			sourceTree = "<group>";
		};
/* End PBXGroup section */

/* Begin PBXNativeTarget section */
		8F5B0C671E420D8B0067073A /* RacecARGO */ = {
			isa = PBXNativeTarget;
			buildConfigurationList = 8F5B0C7A1E420D8B0067073A /* Build configuration list for PBXNativeTarget "RacecARGO" */;
			buildPhases = (
				8F5B0C641E420D8B0067073A /* Sources */,
				8F5B0C651E420D8B0067073A /* Frameworks */,
				8F5B0C661E420D8B0067073A /* Resources */,
			);
			buildRules = (
			);
			dependencies = (
			);
			name = RacecARGO;
			productName = RacecARGO;
			productReference = 8F5B0C681E420D8B0067073A /* RacecARGO.app */;
			productType = "com.apple.product-type.application";
		};
/* End PBXNativeTarget section */

/* Begin PBXProject section */
		8F5B0C601E420D8B0067073A /* Project object */ = {
			isa = PBXProject;
			attributes = {
				LastSwiftUpdateCheck = 0820;
				LastUpgradeCheck = 0820;
				ORGANIZATIONNAME = "Johannes Heucher";
				TargetAttributes = {
					8F5B0C671E420D8B0067073A = {
						CreatedOnToolsVersion = 8.2.1;
						DevelopmentTeam = Y56ST48ZGH;
						LastSwiftMigration = 0820;
						ProvisioningStyle = Automatic;
					};
				};
			};
			buildConfigurationList = 8F5B0C631E420D8B0067073A /* Build configuration list for PBXProject "RacecARGO" */;
			compatibilityVersion = "Xcode 3.2";
			developmentRegion = English;
			hasScannedForEncodings = 0;
			knownRegions = (
				en,
				Base,
			);
			mainGroup = 8F5B0C5F1E420D8B0067073A;
			productRefGroup = 8F5B0C691E420D8B0067073A /* Products */;
			projectDirPath = "";
			projectRoot = "";
			targets = (
				8F5B0C671E420D8B0067073A /* RacecARGO */,
			);
		};
/* End PBXProject section */

/* Begin PBXResourcesBuildPhase section */
		8F5B0C661E420D8B0067073A /* Resources */ = {
			isa = PBXResourcesBuildPhase;
			buildActionMask = 2147483647;
			files = (
				8F5B0C861E421C760067073A /* .gitignore in Resources */,
				8F5B0C761E420D8B0067073A /* LaunchScreen.storyboard in Resources */,
				8F5B0C731E420D8B0067073A /* Assets.xcassets in Resources */,
				8F5B0C711E420D8B0067073A /* Main.storyboard in Resources */,
			);
			runOnlyForDeploymentPostprocessing = 0;
		};
/* End PBXResourcesBuildPhase section */

/* Begin PBXSourcesBuildPhase section */
		8F5B0C641E420D8B0067073A /* Sources */ = {
			isa = PBXSourcesBuildPhase;
			buildActionMask = 2147483647;
			files = (
				8F42E5E91E44D2BE00A4B98C /* NumberPlateExtractorProxy.mm in Sources */,
				8F2A0C961E4277C6009FFD0D /* VMMRecognizer.mm in Sources */,
				8F2A0C9A1E427977009FFD0D /* NumberPlateExtractor.mm in Sources */,
				8F5B0C6E1E420D8B0067073A /* ViewController.swift in Sources */,
				8F5B0C6C1E420D8B0067073A /* AppDelegate.swift in Sources */,
				8F42E5EF1E451E6B00A4B98C /* FeatureExtractor.mm in Sources */,
				8F5B0C891E421F6D0067073A /* OpenCVCameraViewController.mm in Sources */,
				8F5B0C821E420DE40067073A /* OpenCVWrapper.mm in Sources */,
				8F42E5EC1E45072000A4B98C /* RoIExtractor.mm in Sources */,
			);
			runOnlyForDeploymentPostprocessing = 0;
		};
/* End PBXSourcesBuildPhase section */

/* Begin PBXVariantGroup section */
		8F5B0C6F1E420D8B0067073A /* Main.storyboard */ = {
			isa = PBXVariantGroup;
			children = (
				8F5B0C701E420D8B0067073A /* Base */,
			);
			name = Main.storyboard;
			sourceTree = "<group>";
		};
		8F5B0C741E420D8B0067073A /* LaunchScreen.storyboard */ = {
			isa = PBXVariantGroup;
			children = (
				8F5B0C751E420D8B0067073A /* Base */,
			);
			name = LaunchScreen.storyboard;
			sourceTree = "<group>";
		};
/* End PBXVariantGroup section */

/* Begin XCBuildConfiguration section */
		8F5B0C781E420D8B0067073A /* Debug */ = {
			isa = XCBuildConfiguration;
			buildSettings = {
				ALWAYS_SEARCH_USER_PATHS = NO;
				CLANG_ANALYZER_NONNULL = YES;
				CLANG_CXX_LANGUAGE_STANDARD = "gnu++0x";
				CLANG_CXX_LIBRARY = "libc++";
				CLANG_ENABLE_MODULES = YES;
				CLANG_ENABLE_OBJC_ARC = YES;
				CLANG_WARN_BOOL_CONVERSION = YES;
				CLANG_WARN_CONSTANT_CONVERSION = YES;
				CLANG_WARN_DIRECT_OBJC_ISA_USAGE = YES_ERROR;
				CLANG_WARN_DOCUMENTATION_COMMENTS = YES;
				CLANG_WARN_EMPTY_BODY = YES;
				CLANG_WARN_ENUM_CONVERSION = YES;
				CLANG_WARN_INFINITE_RECURSION = YES;
				CLANG_WARN_INT_CONVERSION = YES;
				CLANG_WARN_OBJC_ROOT_CLASS = YES_ERROR;
				CLANG_WARN_SUSPICIOUS_MOVE = YES;
				CLANG_WARN_UNREACHABLE_CODE = YES;
				CLANG_WARN__DUPLICATE_METHOD_MATCH = YES;
				"CODE_SIGN_IDENTITY[sdk=iphoneos*]" = "iPhone Developer";
				COPY_PHASE_STRIP = NO;
				DEBUG_INFORMATION_FORMAT = dwarf;
				ENABLE_STRICT_OBJC_MSGSEND = YES;
				ENABLE_TESTABILITY = YES;
				GCC_C_LANGUAGE_STANDARD = gnu99;
				GCC_DYNAMIC_NO_PIC = NO;
				GCC_NO_COMMON_BLOCKS = YES;
				GCC_OPTIMIZATION_LEVEL = 0;
				GCC_PREPROCESSOR_DEFINITIONS = (
					"DEBUG=1",
					"$(inherited)",
				);
				GCC_WARN_64_TO_32_BIT_CONVERSION = YES;
				GCC_WARN_ABOUT_RETURN_TYPE = YES_ERROR;
				GCC_WARN_UNDECLARED_SELECTOR = YES;
				GCC_WARN_UNINITIALIZED_AUTOS = YES_AGGRESSIVE;
				GCC_WARN_UNUSED_FUNCTION = YES;
				GCC_WARN_UNUSED_VARIABLE = YES;
				IPHONEOS_DEPLOYMENT_TARGET = 10.2;
				MTL_ENABLE_DEBUG_INFO = YES;
				ONLY_ACTIVE_ARCH = YES;
				SDKROOT = iphoneos;
				SWIFT_ACTIVE_COMPILATION_CONDITIONS = DEBUG;
				SWIFT_OPTIMIZATION_LEVEL = "-Onone";
			};
			name = Debug;
		};
		8F5B0C791E420D8B0067073A /* Release */ = {
			isa = XCBuildConfiguration;
			buildSettings = {
				ALWAYS_SEARCH_USER_PATHS = NO;
				CLANG_ANALYZER_NONNULL = YES;
				CLANG_CXX_LANGUAGE_STANDARD = "gnu++0x";
				CLANG_CXX_LIBRARY = "libc++";
				CLANG_ENABLE_MODULES = YES;
				CLANG_ENABLE_OBJC_ARC = YES;
				CLANG_WARN_BOOL_CONVERSION = YES;
				CLANG_WARN_CONSTANT_CONVERSION = YES;
				CLANG_WARN_DIRECT_OBJC_ISA_USAGE = YES_ERROR;
				CLANG_WARN_DOCUMENTATION_COMMENTS = YES;
				CLANG_WARN_EMPTY_BODY = YES;
				CLANG_WARN_ENUM_CONVERSION = YES;
				CLANG_WARN_INFINITE_RECURSION = YES;
				CLANG_WARN_INT_CONVERSION = YES;
				CLANG_WARN_OBJC_ROOT_CLASS = YES_ERROR;
				CLANG_WARN_SUSPICIOUS_MOVE = YES;
				CLANG_WARN_UNREACHABLE_CODE = YES;
				CLANG_WARN__DUPLICATE_METHOD_MATCH = YES;
				"CODE_SIGN_IDENTITY[sdk=iphoneos*]" = "iPhone Developer";
				COPY_PHASE_STRIP = NO;
				DEBUG_INFORMATION_FORMAT = "dwarf-with-dsym";
				ENABLE_NS_ASSERTIONS = NO;
				ENABLE_STRICT_OBJC_MSGSEND = YES;
				GCC_C_LANGUAGE_STANDARD = gnu99;
				GCC_NO_COMMON_BLOCKS = YES;
				GCC_WARN_64_TO_32_BIT_CONVERSION = YES;
				GCC_WARN_ABOUT_RETURN_TYPE = YES_ERROR;
				GCC_WARN_UNDECLARED_SELECTOR = YES;
				GCC_WARN_UNINITIALIZED_AUTOS = YES_AGGRESSIVE;
				GCC_WARN_UNUSED_FUNCTION = YES;
				GCC_WARN_UNUSED_VARIABLE = YES;
				IPHONEOS_DEPLOYMENT_TARGET = 10.2;
				MTL_ENABLE_DEBUG_INFO = NO;
				SDKROOT = iphoneos;
				SWIFT_OPTIMIZATION_LEVEL = "-Owholemodule";
				VALIDATE_PRODUCT = YES;
			};
			name = Release;
		};
		8F5B0C7B1E420D8B0067073A /* Debug */ = {
			isa = XCBuildConfiguration;
			buildSettings = {
				ASSETCATALOG_COMPILER_APPICON_NAME = AppIcon;
				CLANG_ENABLE_MODULES = YES;
				DEVELOPMENT_TEAM = Y56ST48ZGH;
				FRAMEWORK_SEARCH_PATHS = (
					"$(inherited)",
					"$(PROJECT_DIR)/RacecARGO",
				);
				INFOPLIST_FILE = RacecARGO/Info.plist;
				LD_RUNPATH_SEARCH_PATHS = "$(inherited) @executable_path/Frameworks";
				PRODUCT_BUNDLE_IDENTIFIER = heucher.RacecARGO;
				PRODUCT_NAME = "$(TARGET_NAME)";
				SWIFT_OBJC_BRIDGING_HEADER = "RacecARGO-Bridging-Header.h";
				SWIFT_OPTIMIZATION_LEVEL = "-Onone";
				SWIFT_VERSION = 2.3;
			};
			name = Debug;
		};
		8F5B0C7C1E420D8B0067073A /* Release */ = {
			isa = XCBuildConfiguration;
			buildSettings = {
				ASSETCATALOG_COMPILER_APPICON_NAME = AppIcon;
				CLANG_ENABLE_MODULES = YES;
				DEVELOPMENT_TEAM = Y56ST48ZGH;
				FRAMEWORK_SEARCH_PATHS = (
					"$(inherited)",
					"$(PROJECT_DIR)/RacecARGO",
				);
				INFOPLIST_FILE = RacecARGO/Info.plist;
				LD_RUNPATH_SEARCH_PATHS = "$(inherited) @executable_path/Frameworks";
				PRODUCT_BUNDLE_IDENTIFIER = heucher.RacecARGO;
				PRODUCT_NAME = "$(TARGET_NAME)";
				SWIFT_OBJC_BRIDGING_HEADER = "RacecARGO-Bridging-Header.h";
				SWIFT_VERSION = 2.3;
			};
			name = Release;
		};
/* End XCBuildConfiguration section */

/* Begin XCConfigurationList section */
		8F5B0C631E420D8B0067073A /* Build configuration list for PBXProject "RacecARGO" */ = {
			isa = XCConfigurationList;
			buildConfigurations = (
				8F5B0C781E420D8B0067073A /* Debug */,
				8F5B0C791E420D8B0067073A /* Release */,
			);
			defaultConfigurationIsVisible = 0;
			defaultConfigurationName = Release;
		};
		8F5B0C7A1E420D8B0067073A /* Build configuration list for PBXNativeTarget "RacecARGO" */ = {
			isa = XCConfigurationList;
			buildConfigurations = (
				8F5B0C7B1E420D8B0067073A /* Debug */,
				8F5B0C7C1E420D8B0067073A /* Release */,
			);
			defaultConfigurationIsVisible = 0;
			defaultConfigurationName = Release;
		};
/* End XCConfigurationList section */
	};
	rootObject = 8F5B0C601E420D8B0067073A /* Project object */;
}
